
Microsoft Visual Studio Solution File, Format Version 12.00
# Visual Studio Version 17
VisualStudioVersion = 17.4.33213.308
MinimumVisualStudioVersion = 10.0.40219.1
Project("{9A19103F-16F7-4668-BE54-9A1E7A4F7556}") = "DBfirst", "DBfirst\DBfirst.csproj", "{C553F6FB-A048-42F1-8B7B-A1DF8F6B9D4A}"
EndProject
Project("{9A19103F-16F7-4668-BE54-9A1E7A4F7556}") = "CodeFirst", "CodeFirst\CodeFirst.csproj", "{4E965899-3076-4224-A190-30B6EC9CAE91}"
EndProject
Project("{9A19103F-16F7-4668-BE54-9A1E7A4F7556}") = "PersistingData_CodeFirst", "PersistingData_CodeFirst\PersistingData_CodeFirst.csproj", "{C917BD80-CF3F-43A7-BF1A-9EA2F6D3807A}"
EndProject
Project("{9A19103F-16F7-4668-BE54-9A1E7A4F7556}") = "RelationShips", "RelationShips\RelationShips.csproj", "{FA9B09F4-2C97-4C61-963F-41CAC6D37FD2}"
EndProject
Project("{FAE04EC0-301F-11D3-BF4B-00C04F79EFBC}") = "OneToManyRelationShips", "OneToManyRelationShips\OneToManyRelationShips.csproj", "{EA68D24D-92BA-404F-B27F-EA45C6C7F8A4}"
EndProject
Global
	GlobalSection(SolutionConfigurationPlatforms) = preSolution
		Debug|Any CPU = Debug|Any CPU
		Release|Any CPU = Release|Any CPU
	EndGlobalSection
	GlobalSection(ProjectConfigurationPlatforms) = postSolution
		{C553F6FB-A048-42F1-8B7B-A1DF8F6B9D4A}.Debug|Any CPU.ActiveCfg = Debug|Any CPU
		{C553F6FB-A048-42F1-8B7B-A1DF8F6B9D4A}.Debug|Any CPU.Build.0 = Debug|Any CPU
		{C553F6FB-A048-42F1-8B7B-A1DF8F6B9D4A}.Release|Any CPU.ActiveCfg = Release|Any CPU
		{C553F6FB-A048-42F1-8B7B-A1DF8F6B9D4A}.Release|Any CPU.Build.0 = Release|Any CPU
		{4E965899-3076-4224-A190-30B6EC9CAE91}.Debug|Any CPU.ActiveCfg = Debug|Any CPU
		{4E965899-3076-4224-A190-30B6EC9CAE91}.Debug|Any CPU.Build.0 = Debug|Any CPU
		{4E965899-3076-4224-A190-30B6EC9CAE91}.Release|Any CPU.ActiveCfg = Release|Any CPU
		{4E965899-3076-4224-A190-30B6EC9CAE91}.Release|Any CPU.Build.0 = Release|Any CPU
		{C917BD80-CF3F-43A7-BF1A-9EA2F6D3807A}.Debug|Any CPU.ActiveCfg = Debug|Any CPU
		{C917BD80-CF3F-43A7-BF1A-9EA2F6D3807A}.Debug|Any CPU.Build.0 = Debug|Any CPU
		{C917BD80-CF3F-43A7-BF1A-9EA2F6D3807A}.Release|Any CPU.ActiveCfg = Release|Any CPU
		{C917BD80-CF3F-43A7-BF1A-9EA2F6D3807A}.Release|Any CPU.Build.0 = Release|Any CPU
		{FA9B09F4-2C97-4C61-963F-41CAC6D37FD2}.Debug|Any CPU.ActiveCfg = Debug|Any CPU
		{FA9B09F4-2C97-4C61-963F-41CAC6D37FD2}.Debug|Any CPU.Build.0 = Debug|Any CPU
		{FA9B09F4-2C97-4C61-963F-41CAC6D37FD2}.Release|Any CPU.ActiveCfg = Release|Any CPU
		{FA9B09F4-2C97-4C61-963F-41CAC6D37FD2}.Release|Any CPU.Build.0 = Release|Any CPU
		{EA68D24D-92BA-404F-B27F-EA45C6C7F8A4}.Debug|Any CPU.ActiveCfg = Debug|Any CPU
		{EA68D24D-92BA-404F-B27F-EA45C6C7F8A4}.Debug|Any CPU.Build.0 = Debug|Any CPU
		{EA68D24D-92BA-404F-B27F-EA45C6C7F8A4}.Release|Any CPU.ActiveCfg = Release|Any CPU
		{EA68D24D-92BA-404F-B27F-EA45C6C7F8A4}.Release|Any CPU.Build.0 = Release|Any CPU
	EndGlobalSection
	GlobalSection(SolutionProperties) = preSolution
		HideSolutionNode = FALSE
	EndGlobalSection
	GlobalSection(ExtensibilityGlobals) = postSolution
		SolutionGuid = {BB546D64-5793-48A8-9ED0-40F4E30DF5C2}
	EndGlobalSection
EndGlobal
